version = 1
revision = 3
requires-python = ">=3.11"

[[package]]
name = "grpcio"
version = "1.83.1"
source = { registry = "https://pypi.org/simple" }
dependencies = [
    { name = "typing-extensions" },
]
sdist = { url = "https://files.pythonhosted.org/packages/e2/b1/46539f5050d7c316a13396d185451f95084a74ddc68b12d818595bef0377/grpcio-1.83.1.tar.gz", hash = "sha256:9cee6fcbf2eb57c4b49451787bfa87be8efc1ca02a0b327dd4b54d44502e362b", size = 13445033, upload-time = "2026-08-28T07:09:11.464Z" }
wheels = [
    { url = "https://files.pythonhosted.org/packages/d3/e8/2a69fe506c992fc4b02ede5a6255a4b19b7922527d7f0ab2229695463fc1/grpcio-1.83.1-cp311-cp311-linux_armv7l.whl", hash = "sha256:907a5e5afb31f7a46376afc1a1edddd7afa00a74bbbc5b78979bbc34479581f6", size = 6340700, upload-time = "2026-08-28T07:07:49.232Z" },
    { url = "https://files.pythonhosted.org/packages/7f/56/6628e935ca7c5b9270810dd1cb61e5d2ea53eb7d26c62d2987bfef46e022/grpcio-1.83.1-cp311-cp311-macosx_11_0_universal2.whl", hash = "sha256:547645f02499c972f3edec9be4db9997f1d03df307c1c199772342ed6d8b3c6d", size = 12183471, upload-time = "2026-08-28T07:07:51.18Z" },
    { url = "https://files.pythonhosted.org/packages/14/c9/f748ae4bd2120c91cf07e7a74cfd3ceac0e36b06d082cd3db802163a372a/grpcio-1.83.1-cp311-cp311-manylinux2014_aarch64.manylinux_2_17_aarch64.whl", hash = "sha256:34f1841fc6d1d76f8a2d74177eafa2d1ec7d7e039633488c9fcc1b375a1fc165", size = 6924669, upload-time = "2026-08-28T07:07:53.223Z" },
    { url = "https://files.pythonhosted.org/packages/c3/d1/797b72d87b0ad8cce15fb4ad247472054655bce94bf64027b2285d7c3666/grpcio-1.83.1-cp311-cp311-manylinux2014_i686.manylinux_2_17_i686.whl", hash = "sha256:05ba265193fbd9f63355311ec7567bba32a72aeb8e9fd7b3443e4fcad87b0750", size = 7654706, upload-time = "2026-08-28T07:07:54.931Z" },
    { url = "https://files.pythonhosted.org/packages/d6/bf/7f0850aa13d98bb4dd8e7633b6beb639e6fd80a8c0813ad36dec3240f70e/grpcio-1.83.1-cp311-cp311-manylinux2014_x86_64.manylinux_2_17_x86_64.whl", hash = "sha256:5cce1d9fe2887239f054dc9c314597e04f33d2e6bd3150a91c4946d7e5be5d98", size = 7083816, upload-time = "2026-08-28T07:07:56.867Z" },
    { url = "https://files.pythonhosted.org/packages/a2/8a/5047fc4041cb6499d836001b4ac2ced0b00aecd2fc6d88e81993066ebbf6/grpcio-1.83.1-cp311-cp311-musllinux_1_2_aarch64.whl", hash = "sha256:f732feb060ef57c1a040c24cee072ba9fab99bd0a7d2c916ef3f1c4d84b98974", size = 7607412, upload-time = "2026-08-28T07:07:58.654Z" },
    { url = "https://files.pythonhosted.org/packages/cb/83/b397786f79323c2c127733d6310a5dbe3898333bc5d1153785dbdbcfce9b/grpcio-1.83.1-cp311-cp311-musllinux_1_2_i686.whl", hash = "sha256:145b0050d24eb38accd9dc7ae09a3c09b8e7330159f3cfb46b1dba8711d50c42", size = 8643027, upload-time = "2026-08-28T07:08:00.853Z" },
    { url = "https://files.pythonhosted.org/packages/a2/3c/ac8ca4521760c8c5876af2f284109c3f826d3ba9836b2226c76ba06258ee/grpcio-1.83.1-cp311-cp311-musllinux_1_2_x86_64.whl", hash = "sha256:e844cdb25c3c93c7572e0a37137c12305efea493be4eb65801b3ee93f180c186", size = 8010270, upload-time = "2026-08-28T07:08:02.949Z" },
    { url = "https://files.pythonhosted.org/packages/da/3a/ec8680e53ead511e8e3e6efb98771b32b96ea7a0c6a3ad23ffe85a8f83d3/grpcio-1.83.1-cp311-cp311-win32.whl", hash = "sha256:0d07661944477517b12a239e18720c8d9038f80a62f2c56260fae80327f43d2a", size = 4405295, upload-time = "2026-08-28T07:08:04.961Z" },
    { url = "https://files.pythonhosted.org/packages/6f/77/c169e2cee593c49399273912bacab20e50422489c0f884c1e3ae95a1af08/grpcio-1.83.1-cp311-cp311-win_amd64.whl", hash = "sha256:e572da3e247b28a98f46636d33c756e81ffb0f5def96c231ba45332333060595", size = 5166265, upload-time = "2026-08-28T07:08:06.459Z" },
    { url = "https://files.pythonhosted.org/packages/85/9e/a3ba13e08bbee5bf6e57597dfe4823961fd7e94c0b8afe3a4bb7dca639f3/grpcio-1.83.1-cp312-cp312-linux_armv7l.whl", hash = "sha256:5acd14c6ddf047de62cbf8745b11103ea91abbf57d1b8edd5395ccd9fcd13abb", size = 6303170, upload-time = "2026-08-28T07:08:08.188Z" },
    { url = "https://files.pythonhosted.org/packages/1c/ae/65ce56a2527faa17d02cba4c2231c74047ad898be339486ba87f093bfb66/grpcio-1.83.1-cp312-cp312-macosx_11_0_universal2.whl", hash = "sha256:16138031a47b771860a16a975b53087f4fd5bbdbb2c03a188c5d90ad65d2bdae", size = 12165806, upload-time = "2026-08-28T07:08:10.309Z" },
    { url = "https://files.pythonhosted.org/packages/4e/91/40432480088a2243d360864de072ed5b78c4ebbaabd29c28918f1e1b1454/grpcio-1.83.1-cp312-cp312-manylinux2014_aarch64.manylinux_2_17_aarch64.whl", hash = "sha256:5ccc26715fd4defca5e129e280dd883b1737b65045ec50ffe22ce42104089519", size = 6872490, upload-time = "2026-08-28T07:08:12.355Z" },
    { url = "https://files.pythonhosted.org/packages/c8/62/3da2300c8c79fd20a78a8a4bb6251e5068d9af33bc8fd389b98fec35e8a3/grpcio-1.83.1-cp312-cp312-manylinux2014_i686.manylinux_2_17_i686.whl", hash = "sha256:b74f2a1d9ab1dfa3e263ef33d581613679b78d0884babf11671af26e45570ead", size = 7618367, upload-time = "2026-08-28T07:08:14.025Z" },
    { url = "https://files.pythonhosted.org/packages/bc/19/9fc702e31a631262d7a752fa699f6022821e707fefc8bff49b1550a57729/grpcio-1.83.1-cp312-cp312-manylinux2014_x86_64.manylinux_2_17_x86_64.whl", hash = "sha256:72578aa07a4008f17521ef52debcc3acfd1e2c5426243bc3ffb56a38bfe610b7", size = 7040936, upload-time = "2026-08-28T07:08:15.963Z" },
    { url = "https://files.pythonhosted.org/packages/ec/56/95933cc44cba2429765fa065c951dd529e5771b119d9d2481b4646f1d6a5/grpcio-1.83.1-cp312-cp312-musllinux_1_2_aarch64.whl", hash = "sha256:c12e1fc59c6dc26d10d9144453ddc6cbfe4cd4c31e874ed2d0132f88e685eb8b", size = 7573096, upload-time = "2026-08-28T07:08:17.729Z" },
    { url = "https://files.pythonhosted.org/packages/ac/80/af63359da06b016de48cb111f144703a10043850dafa43ae0a038907b9e8/grpcio-1.83.1-cp312-cp312-musllinux_1_2_i686.whl", hash = "sha256:4910b62f7d12197160bfb7de06d876d64dd12d43483e8292f98f49ca09b628d9", size = 8609442, upload-time = "2026-08-28T07:08:19.777Z" },
    { url = "https://files.pythonhosted.org/packages/3d/fa/f0586c56bdfb8a7a2adda01e0ac2413447cde3141ab09411a5d5afdcffd3/grpcio-1.83.1-cp312-cp312-musllinux_1_2_x86_64.whl", hash = "sha256:9e703effe3ae779925c82ac24fdb82cf4105e1096810151ed9501c5f34546b9c", size = 7984321, upload-time = "2026-08-28T07:08:22.114Z" },
    { url = "https://files.pythonhosted.org/packages/25/8a/14ec05669f9eb295801e26c2ea8c561a1b786b0e3557c2c22131165ab010/grpcio-1.83.1-cp312-cp312-win32.whl", hash = "sha256:a2aea8bd6e0a34f12cbaddb7bb70bec836818789fa5c7ab7572c6b745396a2d4", size = 4395604, upload-time = "2026-08-28T07:08:24.08Z" },
    { url = "https://files.pythonhosted.org/packages/e9/37/8c2f7cc16089e36a3fbacaacc7a3d043912aa0d2dfae5556f6450414ea6e/grpcio-1.83.1-cp312-cp312-win_amd64.whl", hash = "sha256:583bf2e8255040a4a312f9572dfe62a05271437b149550e1a536d5c47d2d1e8a", size = 5161512, upload-time = "2026-08-28T07:08:25.81Z" },
    { url = "https://files.pythonhosted.org/packages/7c/fd/d1fc58933bf88c9209f89dc570c810f1aa57cb04b3459cf2b26f61e32112/grpcio-1.83.1-cp313-cp313-linux_armv7l.whl", hash = "sha256:8d228e253b77865efcbdd7b5894ca882c9e0ea98c02b7d20582e61ded8dfd4b5", size = 6305628, upload-time = "2026-08-28T07:08:27.872Z" },
    { url = "https://files.pythonhosted.org/packages/c4/49/0b40bae059c619505c9b751cee6caa208e4904e290aaefa1728c4c2c67a5/grpcio-1.83.1-cp313-cp313-macosx_11_0_universal2.whl", hash = "sha256:0468b627f2987c9a77f7580030207cbd85457ffe52998beff4f0b5c38c58a72c", size = 12156839, upload-time = "2026-08-28T07:08:30.191Z" },
    { url = "https://files.pythonhosted.org/packages/61/4b/e8c0d635da0ee5ddd9950c8d540f5dcdd0ef1854a382cc55496a487a8d31/grpcio-1.83.1-cp313-cp313-manylinux2014_aarch64.manylinux_2_17_aarch64.whl", hash = "sha256:a6a282e81530cead60bbd752cc04950a57f224379e9821495d6a35bd5ce9b1f4", size = 6877036, upload-time = "2026-08-28T07:08:32.285Z" },
    { url = "https://files.pythonhosted.org/packages/c5/d4/760a33f339a7dd3d5f4b3e0e9bec5472d95592a80f887b2e9dab4e41cfbc/grpcio-1.83.1-cp313-cp313-manylinux2014_i686.manylinux_2_17_i686.whl", hash = "sha256:947d945f52e8ecf3cafd2bb7113502a16ccfda3e12c854443094de32d83ad432", size = 7624404, upload-time = "2026-08-28T07:08:34.194Z" },
    { url = "https://files.pythonhosted.org/packages/54/ec/bd798654b06fb42a92b57d1dc1b530084fa89ed442806fcd0a833a36f9b3/grpcio-1.83.1-cp313-cp313-manylinux2014_x86_64.manylinux_2_17_x86_64.whl", hash = "sha256:55656318d5dd387077396dffb929171ca3966e24bfead9a6c5dba9f889062cb4", size = 7042942, upload-time = "2026-08-28T07:08:36.208Z" },
    { url = "https://files.pythonhosted.org/packages/08/b0/c00f86614566dd0961825cf0f43d4f96a74371d9d95f952bcbc4b86d9a27/grpcio-1.83.1-cp313-cp313-musllinux_1_2_aarch64.whl", hash = "sha256:9daf5acf4fc9d5f5627229969c2580a91e511779d76e4ccdeb9f4770f05d8bc2", size = 7576937, upload-time = "2026-08-28T07:08:38.041Z" },
    { url = "https://files.pythonhosted.org/packages/b1/38/85eff43a5c89dc666a252b5c9f8e9ab03f89e11c95b6263d2933f08fdbe7/grpcio-1.83.1-cp313-cp313-musllinux_1_2_i686.whl", hash = "sha256:7b94174cbca93316888f805efbeb08f1c020f7b7493d2d50cc4f6b64ebb7e8bd", size = 8608391, upload-time = "2026-08-28T07:08:40.092Z" },
    { url = "https://files.pythonhosted.org/packages/35/4e/82835483e2f812494be865e7965c0d626cb9e71ab0d83a420d75aea4ad67/grpcio-1.83.1-cp313-cp313-musllinux_1_2_x86_64.whl", hash = "sha256:65c5a7210911ffe0f67b1cdc5308f9854b6d1f1b345e3e49ab7cac1ba50fa346", size = 7980060, upload-time = "2026-08-28T07:08:42.434Z" },
    { url = "https://files.pythonhosted.org/packages/b2/b7/68a98bef733fef704fbcfb3957c8dba67e3e38ca7a7fea851195bc97c648/grpcio-1.83.1-cp313-cp313-win32.whl", hash = "sha256:179368d9361854616ce6f397d4716e07480129652752fcbcfc5a7260455ad6f2", size = 4395226, upload-time = "2026-08-28T07:08:44.463Z" },
    { url = "https://files.pythonhosted.org/packages/85/a0/df4de3b51d37ac8fb0320bb9668381ce2bd3b7aa990880bfc56a8a26f665/grpcio-1.83.1-cp313-cp313-win_amd64.whl", hash = "sha256:2e57af456385491a76e13c4aada8c8f43a8e47051e06ea97a9dbe2a49654e6db", size = 5160273, upload-time = "2026-08-28T07:08:46.216Z" },
    { url = "https://files.pythonhosted.org/packages/42/9c/484d981d8b90c4e6abf3030bd2ed747e84d1eb192b3ec9cbb41e0b73e4bf/grpcio-1.83.1-cp314-cp314-linux_armv7l.whl", hash = "sha256:8b3c87ca908296bf125f841d3e1a2225a2b39aaa8ed7a57e7ccde465ee519bab", size = 6306089, upload-time = "2026-08-28T07:08:48.379Z" },
    { url = "https://files.pythonhosted.org/packages/84/01/0afec1c92e4f292f74a44ecf75eabbf40903125b8c4df103c9868d6338da/grpcio-1.83.1-cp314-cp314-macosx_11_0_universal2.whl", hash = "sha256:c0f3f20c90e72a171917ae65706500b096a1c3eb5f162c3ce702a2e25635f132", size = 12170381, upload-time = "2026-08-28T07:08:50.653Z" },
    { url = "https://files.pythonhosted.org/packages/c7/5a/e9a2383804433a0a61d6d93777ad321c7f36ac1cfdaa4c6d1a7c9ac846b7/grpcio-1.83.1-cp314-cp314-manylinux2014_aarch64.manylinux_2_17_aarch64.whl", hash = "sha256:81bbf35a46bf8cad2dfbb2eccc19c711befb58b288acb534bbcd0d74283202a6", size = 6883286, upload-time = "2026-08-28T07:08:53.654Z" },
    { url = "https://files.pythonhosted.org/packages/63/e7/f8ca8f76994e14c70b9a0052e82f10de497a23db450c36379c9716ebfc4d/grpcio-1.83.1-cp314-cp314-manylinux2014_i686.manylinux_2_17_i686.whl", hash = "sha256:215cec07d11176507387bda4bf2751816e880f9bff8dc1ca524bfbb8ed8f2fad", size = 7624293, upload-time = "2026-08-28T07:08:55.709Z" },
    { url = "https://files.pythonhosted.org/packages/bb/7a/4b672814b0cd0fe63bdd735379d88b165759f3144ab023ad8ec5fc4d53ac/grpcio-1.83.1-cp314-cp314-manylinux2014_x86_64.manylinux_2_17_x86_64.whl", hash = "sha256:abce7d43ec29cd39230fa8339de1a07643b55adc412a454850fbd875349950ff", size = 7044346, upload-time = "2026-08-28T07:08:57.802Z" },
    { url = "https://files.pythonhosted.org/packages/50/b8/d89fe60e4239ad51be333dd9cc703741d449a35064e51f8a0b5bfa755432/grpcio-1.83.1-cp314-cp314-musllinux_1_2_aarch64.whl", hash = "sha256:e256f95a40e3b0183a98556fb7164d24b97eeb353123ccabfcba94712b35ee2a", size = 7584187, upload-time = "2026-08-28T07:08:59.867Z" },
    { url = "https://files.pythonhosted.org/packages/dc/b2/b290d7402633d9166e4dd47e6f5f74a24ce10a8340b84455896ebc349f85/grpcio-1.83.1-cp314-cp314-musllinux_1_2_i686.whl", hash = "sha256:2110059146fb0ea216e1ffddb29377b5cc2fd412a5b0a92e102616bd5edf18c2", size = 8608730, upload-time = "2026-08-28T07:09:02.592Z" },
    { url = "https://files.pythonhosted.org/packages/f5/44/fa89e44d1b5cf5b9fa71b2fd7abf506f182fd43917231a92fbf1ea326b02/grpcio-1.83.1-cp314-cp314-musllinux_1_2_x86_64.whl", hash = "sha256:20d944d967843f8183f9f23d5916388362e5f8eeeae855bbe4354d906dc9f31b", size = 7983283, upload-time = "2026-08-28T07:09:05.087Z" },
    { url = "https://files.pythonhosted.org/packages/ce/b8/9db73ed1f35ffa76124ac574bf296d06a359798dfd6b50d382f2b8a060a1/grpcio-1.83.1-cp314-cp314-win32.whl", hash = "sha256:623c87c6d4a1cb30d82c4e896f95477050f2e01b4a1f8cf91ff2b1abdf89c457", size = 4474327, upload-time = "2026-08-28T07:09:07.179Z" },
    { url = "https://files.pythonhosted.org/packages/65/22/fc9a622d885a7a37ff972a12faaef443d74e47407181da70d0ab62ab41f0/grpcio-1.83.1-cp314-cp314-win_amd64.whl", hash = "sha256:47e6934ad38779271e2e7cc5f78a63a407cf3d98114c65c1fdbcd3f5a716f29b", size = 5302032, upload-time = "2026-08-28T07:09:09.285Z" },
]

[[package]]
name = "grpcio-tools"
version = "1.81.1"
source = { registry = "https://pypi.org/simple" }
dependencies = [
    { name = "grpcio" },
    { name = "protobuf" },
    { name = "setuptools" },
]
sdist = { url = "https://files.pythonhosted.org/packages/83/b3/1c5951352d6777fd7f99a0ccee04617fdfd8a5dbf2918a1f58c8b2b280b8/grpcio_tools-1.81.1.tar.gz", hash = "sha256:a22a3870180927fdd84e2b27d079ef5b7f5f8c6110181b6736afc17a463481f1", size = 6236155, upload-time = "2026-06-11T12:51:21.235Z" }
wheels = [
    { url = "https://files.pythonhosted.org/packages/18/76/14ff87090199a36f914388299a1148d0734a20cea1b0ca8480bae1f373f1/grpcio_tools-1.81.1-cp311-cp311-linux_armv7l.whl", hash = "sha256:8161f398f957a376cae7385ea7c8684f439d460ef702b528912da3bcb31fc515", size = 2586251, upload-time = "2026-06-11T12:49:43.514Z" },
    { url = "https://files.pythonhosted.org/packages/87/a8/d5aa99de9d8b2dd2a8192c1779796eda8b0d0f1dd915422e0a8a61b80391/grpcio_tools-1.81.1-cp311-cp311-macosx_11_0_universal2.whl", hash = "sha256:53ef76cc3b0493ff734a5e8c39d5b519e1822236fcccdfe7677c5e1efd767761", size = 5818063, upload-time = "2026-06-11T12:49:45.975Z" },
    { url = "https://files.pythonhosted.org/packages/ba/cb/2e9a6dbc6a514dd3cd264fb3bf9217937453a4d45dbc3ca6ca4ee34ba1a7/grpcio_tools-1.81.1-cp311-cp311-manylinux2014_aarch64.manylinux_2_17_aarch64.whl", hash = "sha256:690e6dcaa8b8a7886ce206ba344e2127211597e1a1ddab73df9f3d80c8f6707e", size = 2634061, upload-time = "2026-06-11T12:49:48.13Z" },
    { url = "https://files.pythonhosted.org/packages/c8/2b/2ccd1a929e6c8ad84a0aa8d66ad9f615b4a8e79d9927373d86aa36b4ba2e/grpcio_tools-1.81.1-cp311-cp311-manylinux2014_i686.manylinux_2_17_i686.whl", hash = "sha256:ad7a997c07bd345e84842e60561e7e2cc090ce6c4e1d2f0407e31b85b40fc49a", size = 2958029, upload-time = "2026-06-11T12:49:50.466Z" },
    { url = "https://files.pythonhosted.org/packages/e7/67/2da8cd312edc348f44f26f82096b25cdb7d2905cd786acc6bf777b169502/grpcio_tools-1.81.1-cp311-cp311-manylinux2014_x86_64.manylinux_2_17_x86_64.whl", hash = "sha256:b6bd163ece4535726e5292b845ed80ae9b2cae73ba091c7d6c66033c430e3857", size = 2698031, upload-time = "2026-06-11T12:49:52.292Z" },
    { url = "https://files.pythonhosted.org/packages/d9/ba/ad1680fbdf9317c4f1e54c37c96d1f422370df66ac9adbd175c7cb3531d7/grpcio_tools-1.81.1-cp311-cp311-musllinux_1_2_aarch64.whl", hash = "sha256:2baa7e735f35b2a648144c03348a126097b13e101d3c242d5edb6ac91437ccbe", size = 3147541, upload-time = "2026-06-11T12:49:54.43Z" },
    { url = "https://files.pythonhosted.org/packages/57/c1/57cd08eef293d713cb8935295e4f08d8f0013480b2ba3aad1af0271eb7ba/grpcio_tools-1.81.1-cp311-cp311-musllinux_1_2_i686.whl", hash = "sha256:1d602b410b2b2addc434cace9ce4fe2035974a3078228f98ffa049a5c90acc2f", size = 3708524, upload-time = "2026-06-11T12:49:56.544Z" },
    { url = "https://files.pythonhosted.org/packages/52/31/01ea8ca9c82fe2c79b5b594c3ae427d56699bc106b2d91caca129add8b10/grpcio_tools-1.81.1-cp311-cp311-musllinux_1_2_x86_64.whl", hash = "sha256:f8cb64f87c45ccca8234fa47e6b21f09e43801ff11b556deecb461b3b3e9f292", size = 3367022, upload-time = "2026-06-11T12:49:59.608Z" },
    { url = "https://files.pythonhosted.org/packages/7d/35/8140cd175602df3d17215cfb28a7ea55b7a67e2b872be76e1ee4af5c4df9/grpcio_tools-1.81.1-cp311-cp311-win32.whl", hash = "sha256:87b25ca0e27373a4a32a629a4ba976f5764b9887dd50d6fe017d38009a0363e8", size = 1008980, upload-time = "2026-06-11T12:50:01.422Z" },
    { url = "https://files.pythonhosted.org/packages/be/86/1bd29ab3c52457702b96536f1f208ab27695322d855f95c9666dfb713019/grpcio_tools-1.81.1-cp311-cp311-win_amd64.whl", hash = "sha256:204de03b539a4b08772c6553b92bcc112cbc965e0ac22f909f6d133b8ac33a8c", size = 1174840, upload-time = "2026-06-11T12:50:03.408Z" },
    { url = "https://files.pythonhosted.org/packages/3b/8a/824a9ca20bcdce8a568bb8c9f98bfeb7fad62129235e6d2ae7576fd1250a/grpcio_tools-1.81.1-cp312-cp312-linux_armv7l.whl", hash = "sha256:353b1fafcc739c31ed42271052709595b340d34f27c459beeb78a32938305bb5", size = 2585927, upload-time = "2026-06-11T12:50:05.671Z" },
    { url = "https://files.pythonhosted.org/packages/2f/35/e5f9f671378b1b89a896150d3e4fa2c6ec61a5e1e9e5107ce4c140ccc931/grpcio_tools-1.81.1-cp312-cp312-macosx_11_0_universal2.whl", hash = "sha256:768f584c2423cbeb6cb6867817a39365b987ff16b8259a3adbc6546b9e303a4e", size = 5815665, upload-time = "2026-06-11T12:50:08.178Z" },
    { url = "https://files.pythonhosted.org/packages/c6/02/631b628e4072e988c669bd8f1b2406ef3c9a4cfcb2625bbf2a308a07b71d/grpcio_tools-1.81.1-cp312-cp312-manylinux2014_aarch64.manylinux_2_17_aarch64.whl", hash = "sha256:1680b35a84f4694401819ac4acac42dda6dbc7bb8fc74112fd1a60425a07adf4", size = 2635518, upload-time = "2026-06-11T12:50:10.391Z" },
    { url = "https://files.pythonhosted.org/packages/de/7c/2e3537e3ea3d1c0ddd6766cf6a7c62b487d89fb005713df2781d5f21483a/grpcio_tools-1.81.1-cp312-cp312-manylinux2014_i686.manylinux_2_17_i686.whl", hash = "sha256:f64e665c8ec639278ecf009beb92cbdcc5994f617c1af3d58036e1f70b1423ec", size = 2958252, upload-time = "2026-06-11T12:50:12.677Z" },
    { url = "https://files.pythonhosted.org/packages/35/68/14013cb2942bdac354746b643b4c37dd91906da8dce00f41c616e88bf33d/grpcio_tools-1.81.1-cp312-cp312-manylinux2014_x86_64.manylinux_2_17_x86_64.whl", hash = "sha256:ba8f1ae82ad199f43448995715445cc623fb20d3882382e4be61f0da8ccb3f0e", size = 2698439, upload-time = "2026-06-11T12:50:15.017Z" },
    { url = "https://files.pythonhosted.org/packages/bd/45/000c14c0338a7ad36054b9f17ea41842deb7841c05c067dd36cc831bc0f4/grpcio_tools-1.81.1-cp312-cp312-musllinux_1_2_aarch64.whl", hash = "sha256:b7b6d1e986d5923751bfe2b5cca9c4cb3d5653446e4fa4aacd438033e2dc360a", size = 3152160, upload-time = "2026-06-11T12:50:17.3Z" },
    { url = "https://files.pythonhosted.org/packages/41/97/881930ca3967d2c8a95649bea8ebc991a7cf2331bc96679fd3600450dccc/grpcio_tools-1.81.1-cp312-cp312-musllinux_1_2_i686.whl", hash = "sha256:7f208c207aca639dcb34648d3826c38d7cf3485118fb2065117e9fc4827406b3", size = 3710468, upload-time = "2026-06-11T12:50:19.479Z" },
    { url = "https://files.pythonhosted.org/packages/c7/b5/67baeba7366162652cdc1dbd962289accde07241bc8f42f6f02b305efcc6/grpcio_tools-1.81.1-cp312-cp312-musllinux_1_2_x86_64.whl", hash = "sha256:724ecb69af63d2f6d4ccea3e6fa0ca110ed9c5824d48c2f887c631bbb03c1c3c", size = 3370797, upload-time = "2026-06-11T12:50:21.501Z" },
    { url = "https://files.pythonhosted.org/packages/f2/5d/34f2dce2125ccb107e32b57f5a9c1257edcc0793b0d2fef1e8b13a6bac3c/grpcio_tools-1.81.1-cp312-cp312-win32.whl", hash = "sha256:895a6782cec86beac71ccebb4b9848259c6f04a3028b8e42fa8d40cfe5146593", size = 1008453, upload-time = "2026-06-11T12:50:23.358Z" },
    { url = "https://files.pythonhosted.org/packages/8a/be/09da8256ec8d2a5ce8a1acc51cbbc4ca52a462d78ed3412778440a56502e/grpcio_tools-1.81.1-cp312-cp312-win_amd64.whl", hash = "sha256:0265fd1386b7458302f79542558345880d484f8fa92ae196c0c0268242c5f23a", size = 1174857, upload-time = "2026-06-11T12:50:25.685Z" },
    { url = "https://files.pythonhosted.org/packages/76/90/5faa8b26e03495e5117f93bef8293cbada4af136362745dad7d1813ef0b0/grpcio_tools-1.81.1-cp313-cp313-linux_armv7l.whl", hash = "sha256:3d604b4fd114b79ebb9f865bf3e04fd3ae93c704e1fad96f7fd03b0865c263b7", size = 2586071, upload-time = "2026-06-11T12:50:28.4Z" },
    { url = "https://files.pythonhosted.org/packages/e8/9a/85dc589fa6ae2439451eaa81a1578de31e29c676980d38bef7549b8a1f45/grpcio_tools-1.81.1-cp313-cp313-macosx_11_0_universal2.whl", hash = "sha256:3389e705460efa3f3758141ba5520e6743b131c9576197c944fb9cbe49048126", size = 5813299, upload-time = "2026-06-11T12:50:31.295Z" },
    { url = "https://files.pythonhosted.org/packages/77/fd/c53994e58a837e6eefe48f53eb3492afc04f2b8af255df4adb37d14378f8/grpcio_tools-1.81.1-cp313-cp313-manylinux2014_aarch64.manylinux_2_17_aarch64.whl", hash = "sha256:8a17d8ceeb6a855fadf39f5171c80a382d97c4db98d5943eca553497fdebf84b", size = 2634668, upload-time = "2026-06-11T12:50:33.938Z" },
    { url = "https://files.pythonhosted.org/packages/34/32/de988e86688686a2117e7ce6ce9eff4f638c929bb55b0afe60d6fbd2e45c/grpcio_tools-1.81.1-cp313-cp313-manylinux2014_i686.manylinux_2_17_i686.whl", hash = "sha256:43baf71dc60fd653062da2e95e95c73b35dd130be8f9fa3d544c3af3f808a290", size = 2957930, upload-time = "2026-06-11T12:50:36.726Z" },
    { url = "https://files.pythonhosted.org/packages/72/97/3f18a0ea32b5f809d21961dbd0bc382b589a4c3d501e3d67c345d5456ed3/grpcio_tools-1.81.1-cp313-cp313-manylinux2014_x86_64.manylinux_2_17_x86_64.whl", hash = "sha256:136e90906af0df51ad929713244ba812d0dbb1844b4f467d5d86bdb054698f90", size = 2697760, upload-time = "2026-06-11T12:50:39.108Z" },
    { url = "https://files.pythonhosted.org/packages/49/c0/dbf5cbc877290ff7504a59959a8af4fdcfdaa1e84237948405ccf1aa82a6/grpcio_tools-1.81.1-cp313-cp313-musllinux_1_2_aarch64.whl", hash = "sha256:bd6c3bf3ea6a61eb58c54368d72ada591f2a270f3a31a32e8536e773337e76d9", size = 3151456, upload-time = "2026-06-11T12:50:41.983Z" },
    { url = "https://files.pythonhosted.org/packages/de/ea/16fe2dc83140a59e5c0a0b9dc2693dd36bfaa6bd835724b4ec66a68eab7b/grpcio_tools-1.81.1-cp313-cp313-musllinux_1_2_i686.whl", hash = "sha256:2c306c307f8f74cddc4056fdbb6f1da55de087a21120efbd02bd915daa5a52fd", size = 3710469, upload-time = "2026-06-11T12:50:44.596Z" },
    { url = "https://files.pythonhosted.org/packages/22/7d/df987d7d81e7ad2f7516d9e9d56ff29c54dbc6d8587e425688dca9a28e49/grpcio_tools-1.81.1-cp313-cp313-musllinux_1_2_x86_64.whl", hash = "sha256:bdbdc927be2e0ea13c32564a72ee31d712a716fb6f8c0d53d37a77d8277c272c", size = 3370488, upload-time = "2026-06-11T12:50:47.199Z" },
    { url = "https://files.pythonhosted.org/packages/ba/c5/5a63444d694ea47bf670138208f71830cc1759c402c8818092b28ab2dc5f/grpcio_tools-1.81.1-cp313-cp313-win32.whl", hash = "sha256:9d383724bcd67244b6def9e9164c640ee9380c0b7534ee7545a6fb0022a59afe", size = 1008229, upload-time = "2026-06-11T12:50:49.527Z" },
    { url = "https://files.pythonhosted.org/packages/00/75/3945e26d5c94ae6ed9be5caef73d4d66c47dc8cfdd7b4995efaf942754e0/grpcio_tools-1.81.1-cp313-cp313-win_amd64.whl", hash = "sha256:f3eb15849979ca7bb864ce81a74d68b0f225a7f111ed3fe212bfc08cf9812b10", size = 1174523, upload-time = "2026-06-11T12:50:51.755Z" },
    { url = "https://files.pythonhosted.org/packages/0d/08/e581ad42ae517a61172285047e4d710e2ac75f2f1915f7c91f284254e6d5/grpcio_tools-1.81.1-cp314-cp314-linux_armv7l.whl", hash = "sha256:7d168ea26390717d0462c0d0408331dc98a60fc7f7e6118afac9b73f5a66d87c", size = 2585944, upload-time = "2026-06-11T12:50:54.528Z" },
    { url = "https://files.pythonhosted.org/packages/78/c8/200d90ebad685af7eea5ff7e0360c504dd01ec053fe0f1f9c4abe3ea2d5a/grpcio_tools-1.81.1-cp314-cp314-macosx_11_0_universal2.whl", hash = "sha256:43c528655b226375013036692d8db4cd59060c1f41dd62c77f4d17b69f6ce828", size = 5813492, upload-time = "2026-06-11T12:50:57.291Z" },
    { url = "https://files.pythonhosted.org/packages/2d/c0/60da2a1af37aa8eb47308cec24d9f7709a8976fdec3a53fd35b56b358326/grpcio_tools-1.81.1-cp314-cp314-manylinux2014_aarch64.manylinux_2_17_aarch64.whl", hash = "sha256:a9c6fcc68c9d5a208967bfe4fd3224d3c3be9a950c3e827e8f4b17e15c2dc555", size = 2634991, upload-time = "2026-06-11T12:50:59.767Z" },
    { url = "https://files.pythonhosted.org/packages/0c/7f/dede28b579ae9bf9079ba1aa913e8088d1dc0cdbe21c85caa22f0790cad2/grpcio_tools-1.81.1-cp314-cp314-manylinux2014_i686.manylinux_2_17_i686.whl", hash = "sha256:a987c85dcbe1b32066d7acd46266d1a428aecbd629331bf5b853e74c835bf876", size = 2957913, upload-time = "2026-06-11T12:51:02.31Z" },
    { url = "https://files.pythonhosted.org/packages/4c/38/4de2118adb58ec7ffba65ec623b5836db769665c192517cbf187db3f6145/grpcio_tools-1.81.1-cp314-cp314-manylinux2014_x86_64.manylinux_2_17_x86_64.whl", hash = "sha256:a882382507bb5ec6d7edc9648053dfd3bc8f9285cde56a6fa9b9a83b4bd07f1c", size = 2697709, upload-time = "2026-06-11T12:51:05.016Z" },
    { url = "https://files.pythonhosted.org/packages/6b/e1/762ced51059e4f694fd337ecae491581d42a4e61dcb0415d8c5c60e6ddcb/grpcio_tools-1.81.1-cp314-cp314-musllinux_1_2_aarch64.whl", hash = "sha256:7746e508d4239a02f7e93638be5bc0ebb0120ddb796f7506aaae9d47a4599d97", size = 3151884, upload-time = "2026-06-11T12:51:07.593Z" },
    { url = "https://files.pythonhosted.org/packages/19/d8/9823090dc801e7229944874e7429c3b98e741ac778d8dc373f60240e1c43/grpcio_tools-1.81.1-cp314-cp314-musllinux_1_2_i686.whl", hash = "sha256:fc3d2a41a7a4467fa03b391394fffada9291fe8feebc8679b526f6bc36942b25", size = 3710404, upload-time = "2026-06-11T12:51:10.172Z" },
    { url = "https://files.pythonhosted.org/packages/64/4e/4eae98d02148cb6f9f452f09942afba407afa6851e6c1fddc5ae9ec0b4ed/grpcio_tools-1.81.1-cp314-cp314-musllinux_1_2_x86_64.whl", hash = "sha256:21bb3ba90e6d8df1ff663d4ee39a4e5b25a64e8ed4902476ca9ded0954d3917a", size = 3370525, upload-time = "2026-06-11T12:51:12.678Z" },
    { url = "https://files.pythonhosted.org/packages/e0/3e/2206e597a128da6a03a6106d2eaf2c3e72c7d80843d4be933e3a3d10d02a/grpcio_tools-1.81.1-cp314-cp314-win32.whl", hash = "sha256:3dca56016d90a710c4d9861bae793dc089c1430a90c79ce672e948ddb65fa539", size = 1030582, upload-time = "2026-06-11T12:51:14.906Z" },
    { url = "https://files.pythonhosted.org/packages/cf/f2/bbeef86c687225b7bbc7c0acdfbd25c8bcaa3f5b1c941db053e5c3d9e859/grpcio_tools-1.81.1-cp314-cp314-win_amd64.whl", hash = "sha256:cb08172b7b629e75cb33866928d319a3196540a725eaab628ba721007140f1af", size = 1207490, upload-time = "2026-06-11T12:51:17.598Z" },
]

[[package]]
name = "orchard-worker-runtime-proto-tooling"
version = "0.0.0"
source = { virtual = "." }
dependencies = [
    { name = "grpcio-tools" },
    { name = "protobuf" },
]

[package.metadata]
requires-dist = [
    { name = "grpcio-tools", specifier = "==1.81.1" },
    { name = "protobuf", specifier = "==6.33.5" },
]

[[package]]
name = "protobuf"
version = "6.33.5"
source = { registry = "https://pypi.org/simple" }
sdist = { url = "https://files.pythonhosted.org/packages/ba/25/7c72c307aafc96fa87062aa6291d9f7c94836e43214d43722e86037aac02/protobuf-6.33.5.tar.gz", hash = "sha256:6ddcac2a081f8b7b9642c09406bc6a4290128fce5f471cddd165960bb9119e5c", size = 444465, upload-time = "2026-01-29T21:51:33.494Z" }
wheels = [
    { url = "https://files.pythonhosted.org/packages/b1/79/af92d0a8369732b027e6d6084251dd8e782c685c72da161bd4a2e00fbabb/protobuf-6.33.5-cp310-abi3-win32.whl", hash = "sha256:d71b040839446bac0f4d162e758bea99c8251161dae9d0983a3b88dee345153b", size = 425769, upload-time = "2026-01-29T21:51:21.751Z" },
    { url = "https://files.pythonhosted.org/packages/55/75/bb9bc917d10e9ee13dee8607eb9ab963b7cf8be607c46e7862c748aa2af7/protobuf-6.33.5-cp310-abi3-win_amd64.whl", hash = "sha256:3093804752167bcab3998bec9f1048baae6e29505adaf1afd14a37bddede533c", size = 437118, upload-time = "2026-01-29T21:51:24.022Z" },
    { url = "https://files.pythonhosted.org/packages/a2/6b/e48dfc1191bc5b52950246275bf4089773e91cb5ba3592621723cdddca62/protobuf-6.33.5-cp39-abi3-macosx_10_9_universal2.whl", hash = "sha256:a5cb85982d95d906df1e2210e58f8e4f1e3cdc088e52c921a041f9c9a0386de5", size = 427766, upload-time = "2026-01-29T21:51:25.413Z" },
    { url = "https://files.pythonhosted.org/packages/4e/b1/c79468184310de09d75095ed1314b839eb2f72df71097db9d1404a1b2717/protobuf-6.33.5-cp39-abi3-manylinux2014_aarch64.whl", hash = "sha256:9b71e0281f36f179d00cbcb119cb19dec4d14a81393e5ea220f64b286173e190", size = 324638, upload-time = "2026-01-29T21:51:26.423Z" },
    { url = "https://files.pythonhosted.org/packages/c5/f5/65d838092fd01c44d16037953fd4c2cc851e783de9b8f02b27ec4ffd906f/protobuf-6.33.5-cp39-abi3-manylinux2014_s390x.whl", hash = "sha256:8afa18e1d6d20af15b417e728e9f60f3aa108ee76f23c3b2c07a2c3b546d3afd", size = 339411, upload-time = "2026-01-29T21:51:27.446Z" },
    { url = "https://files.pythonhosted.org/packages/9b/53/a9443aa3ca9ba8724fdfa02dd1887c1bcd8e89556b715cfbacca6b63dbec/protobuf-6.33.5-cp39-abi3-manylinux2014_x86_64.whl", hash = "sha256:cbf16ba3350fb7b889fca858fb215967792dc125b35c7976ca4818bee3521cf0", size = 323465, upload-time = "2026-01-29T21:51:28.925Z" },
    { url = "https://files.pythonhosted.org/packages/57/bf/2086963c69bdac3d7cff1cc7ff79b8ce5ea0bec6797a017e1be338a46248/protobuf-6.33.5-py3-none-any.whl", hash = "sha256:69915a973dd0f60f31a08b8318b73eab2bd6a392c79184b3612226b0a3f8ec02", size = 170687, upload-time = "2026-01-29T21:51:32.557Z" },
]

[[package]]
name = "setuptools"
version = "84.0.0"
source = { registry = "https://pypi.org/simple" }
sdist = { url = "https://files.pythonhosted.org/packages/6d/44/f5da03a8ef95d369145c5bb53050e7877c9f3d312e128605fd9504829143/setuptools-84.0.0.tar.gz", hash = "sha256:f4695c21257f0d9b537ec2692c941d02ee143b7cc1276941349a546573b2ef73", size = 1168449, upload-time = "2026-08-08T18:27:58.365Z" }
wheels = [
    { url = "https://files.pythonhosted.org/packages/95/9c/c510029fc6ef33a6275cd2c5d3cecd6613dfd6aa401d57c54f1c18852ccf/setuptools-84.0.0-py3-none-any.whl", hash = "sha256:51a52592b3b99e102b609654876bd65f19f999935166d1352678931132b0c670", size = 818216, upload-time = "2026-08-08T18:27:56.719Z" },
]

[[package]]
name = "typing-extensions"
version = "4.16.0"
source = { registry = "https://pypi.org/simple" }
sdist = { url = "https://files.pythonhosted.org/packages/f6/cc/6253133b5bb138fc3306cebfbda2c520f545d36b5be2c7255cc528bb45d6/typing_extensions-4.16.0.tar.gz", hash = "sha256:dc983d19a509c94dba722ee6abd33940f7c05a89e243c47e907eb4db6f1a43e5", size = 113555, upload-time = "2026-07-02T08:40:05.92Z" }
wheels = [
    { url = "https://files.pythonhosted.org/packages/49/d3/b8441a820a491ddfc024b0b0cf0393375b75ea13866d9c66727e54c2fc80/typing_extensions-4.16.0-py3-none-any.whl", hash = "sha256:481caa481374e813c1b176ada14e97f1f67a4539ce9cfeb3f350d78d6370c2e8", size = 45571, upload-time = "2026-07-02T08:40:04.659Z" },
]
